
Microsoft Visual Studio Solution File, Format Version 12.00
# Visual Studio 15
VisualStudioVersion = 15.0.27130.2010
MinimumVisualStudioVersion = 10.0.40219.1
Project("{FAE04EC0-301F-11D3-BF4B-00C04F79EFBC}") = "OdeToFood", "OdeToFood\OdeToFood.csproj", "{FA961AC0-7EC1-4C10-91E7-0D65C03B93F2}"
EndProject
Project("{FAE04EC0-301F-11D3-BF4B-00C04F79EFBC}") = "OdeToFood.Tests", "OdeToFood.Tests\OdeToFood.Tests.csproj", "{A3B3B120-D180-4A32-9F88-4F40A49C794E}"
EndProject
Global
	GlobalSection(SolutionConfigurationPlatforms) = preSolution
		Debug|Any CPU = Debug|Any CPU
		Release|Any CPU = Release|Any CPU
	EndGlobalSection
	GlobalSection(ProjectConfigurationPlatforms) = postSolution
		{FA961AC0-7EC1-4C10-91E7-0D65C03B93F2}.Debug|Any CPU.ActiveCfg = Debug|Any CPU
		{FA961AC0-7EC1-4C10-91E7-0D65C03B93F2}.Debug|Any CPU.Build.0 = Debug|Any CPU
		{FA961AC0-7EC1-4C10-91E7-0D65C03B93F2}.Release|Any CPU.ActiveCfg = Release|Any CPU
		{FA961AC0-7EC1-4C10-91E7-0D65C03B93F2}.Release|Any CPU.Build.0 = Release|Any CPU
		{A3B3B120-D180-4A32-9F88-4F40A49C794E}.Debug|Any CPU.ActiveCfg = Debug|Any CPU
		{A3B3B120-D180-4A32-9F88-4F40A49C794E}.Debug|Any CPU.Build.0 = Debug|Any CPU
		{A3B3B120-D180-4A32-9F88-4F40A49C794E}.Release|Any CPU.ActiveCfg = Release|Any CPU
		{A3B3B120-D180-4A32-9F88-4F40A49C794E}.Release|Any CPU.Build.0 = Release|Any CPU
	EndGlobalSection
	GlobalSection(SolutionProperties) = preSolution
		HideSolutionNode = FALSE
	EndGlobalSection
	GlobalSection(ExtensibilityGlobals) = postSolution
		SolutionGuid = {F421F1CF-B792-45BA-8DF2-37B59A9B6575}
	EndGlobalSection
EndGlobal
